schema: '2.0'
stages:
  prepare:
    cmd: python src/prepare.py data/raw/House_Rent_10M_balanced_40cities.csv 
      data/prepared
    deps:
    - path: data/raw/House_Rent_10M_balanced_40cities.csv
      hash: md5
      md5: 04a2335c7d615996b6e266dcbe991501
      size: 1303141128
    - path: src/prepare.py
      hash: md5
      md5: c089380d4d02831fcb56cfcbeec4d9ef
      size: 1091
    outs:
    - path: data/prepared
      hash: md5
      md5: 6ad112e5d29513829e630563dffda089.dir
      size: 70982664
      nfiles: 2
  train:
    cmd: python src/train.py data/prepared data/models --n_estimators 100 
      --max_depth 10 --random_state 365
    deps:
    - path: data/prepared
      hash: md5
      md5: 6ad112e5d29513829e630563dffda089.dir
      size: 70982664
      nfiles: 2
    - path: src/train.py
      hash: md5
      md5: fbae08ba560d5d55a19bd9d11fc710a0
      size: 3976
    - path: src/utils.py
      hash: md5
      md5: 30c51968a7d4787752568e28d1cd76e0
      size: 714
    outs:
    - path: data/models
      hash: md5
      md5: 813598388255535915dc700f0c132a3e.dir
      size: 14726323
      nfiles: 1
  optimize:
    cmd: python src/optimize.py
    deps:
    - path: config/
      hash: md5
      md5: 30946f8138c9b646969d7d8e44d73ae1.dir
      size: 827
      nfiles: 4
    - path: data/prepared
      hash: md5
      md5: 6ad112e5d29513829e630563dffda089.dir
      size: 70982664
      nfiles: 2
    - path: src/optimize.py
      hash: md5
      md5: 7dd8d5de9689a1387dd4cf31b1bc8892
      size: 6152
    outs:
    - path: models/best_model.pkl
      hash: md5
      md5: 50e00c3299076b3e0530f283b2f8ca47
      size: 2450433
